{
  "version": 4,
  "terraform_version": "1.12.2",
  "serial": 2,
  "lineage": "9ed40e8f-9b86-d285-9a6a-e11139425a5a",
  "outputs": {
    "api_key": {
      "value": "foo",
      "type": "string",
      "sensitive": true
    },
    "application_name": {
      "value": "Sergio",
      "type": "string"
    },
    "environment_name": {
      "value": "test",
      "type": "string"
    },
    "environment_prefix": {
      "value": "Sergio-test-dspua8",
      "type": "string"
    },
    "kind": {
      "value": "P",
      "type": "string"
    },
    "primary_region": {
      "value": "westus",
      "type": "string"
    },
    "primary_region_instance": {
      "value": "4",
      "type": "string"
    },
    "suffix": {
      "value": "dspua8",
      "type": "string"
    }
  },
  "resources": [
    {
      "mode": "managed",
      "type": "random_string",
      "name": "suffix",
      "provider": "provider[\"registry.terraform.io/hashicorp/random\"]",
      "instances": [
        {
          "schema_version": 2,
          "attributes": {
            "id": "dspua8",
            "keepers": null,
            "length": 6,
            "lower": true,
            "min_lower": 0,
            "min_numeric": 0,
            "min_special": 0,
            "min_upper": 0,
            "number": true,
            "numeric": true,
            "override_special": null,
            "result": "dspua8",
            "special": false,
            "upper": false
          },
          "sensitive_attributes": [],
          "identity_schema_version": 0
        }
      ]
    }
  ],
  "check_results": [
    {
      "object_kind": "var",
      "config_addr": "var.application_name",
      "status": "pass",
      "objects": [
        {
          "object_addr": "var.application_name",
          "status": "pass"
        }
      ]
    },
    {
      "object_kind": "var",
      "config_addr": "var.instance_count",
      "status": "pass",
      "objects": [
        {
          "object_addr": "var.instance_count",
          "status": "pass"
        }
      ]
    }
  ]
}
